
Microsoft Visual Studio Solution File, Format Version 12.00
# Visual Studio 2013
VisualStudioVersion = 12.0.40629.0
MinimumVisualStudioVersion = 10.0.40219.1
Project("{FAE04EC0-301F-11D3-BF4B-00C04F79EFBC}") = "ControlLocalizer", "ControlLocalizer\ControlLocalizer.csproj", "{7BBDE4DC-99CD-4AC3-A645-FB0F8A6CA5B0}"
EndProject
Project("{FAE04EC0-301F-11D3-BF4B-00C04F79EFBC}") = "Test", "Test\Test.csproj", "{C1D0F7B8-68CB-4D79-8AF1-8733B09E085D}"
EndProject
Global
	GlobalSection(SolutionConfigurationPlatforms) = preSolution
		Debug|Any CPU = Debug|Any CPU
		Release|Any CPU = Release|Any CPU
	EndGlobalSection
	GlobalSection(ProjectConfigurationPlatforms) = postSolution
		{7BBDE4DC-99CD-4AC3-A645-FB0F8A6CA5B0}.Debug|Any CPU.ActiveCfg = Debug|Any CPU
		{7BBDE4DC-99CD-4AC3-A645-FB0F8A6CA5B0}.Debug|Any CPU.Build.0 = Debug|Any CPU
		{7BBDE4DC-99CD-4AC3-A645-FB0F8A6CA5B0}.Release|Any CPU.ActiveCfg = Release|Any CPU
		{7BBDE4DC-99CD-4AC3-A645-FB0F8A6CA5B0}.Release|Any CPU.Build.0 = Release|Any CPU
		{C1D0F7B8-68CB-4D79-8AF1-8733B09E085D}.Debug|Any CPU.ActiveCfg = Debug|Any CPU
		{C1D0F7B8-68CB-4D79-8AF1-8733B09E085D}.Debug|Any CPU.Build.0 = Debug|Any CPU
		{C1D0F7B8-68CB-4D79-8AF1-8733B09E085D}.Release|Any CPU.ActiveCfg = Release|Any CPU
		{C1D0F7B8-68CB-4D79-8AF1-8733B09E085D}.Release|Any CPU.Build.0 = Release|Any CPU
	EndGlobalSection
	GlobalSection(SolutionProperties) = preSolution
		HideSolutionNode = FALSE
	EndGlobalSection
EndGlobal
